
Microsoft Visual Studio Solution File, Format Version 12.00
# Visual Studio 15
VisualStudioVersion = 15.0.27130.2010
MinimumVisualStudioVersion = 10.0.40219.1
Project("{8BC9CEB8-8B4A-11D0-8D11-00A0C91BC942}") = "HelloWindow", "HelloWindow\HelloWindow.vcxproj", "{3079FEAC-13B5-46EB-8CA7-E2D76AA47920}"
EndProject
Project("{8BC9CEB8-8B4A-11D0-8D11-00A0C91BC942}") = "DrawModel", "DrawModel\DrawModel.vcxproj", "{5A0434B5-A7FB-428E-930E-D7719F936B8C}"
EndProject
Global
	GlobalSection(SolutionConfigurationPlatforms) = preSolution
		Debug|x64 = Debug|x64
		Debug|x86 = Debug|x86
		Release|x64 = Release|x64
		Release|x86 = Release|x86
	EndGlobalSection
	GlobalSection(ProjectConfigurationPlatforms) = postSolution
		{3079FEAC-13B5-46EB-8CA7-E2D76AA47920}.Debug|x64.ActiveCfg = Debug|x64
		{3079FEAC-13B5-46EB-8CA7-E2D76AA47920}.Debug|x64.Build.0 = Debug|x64
		{3079FEAC-13B5-46EB-8CA7-E2D76AA47920}.Debug|x86.ActiveCfg = Debug|Win32
		{3079FEAC-13B5-46EB-8CA7-E2D76AA47920}.Debug|x86.Build.0 = Debug|Win32
		{3079FEAC-13B5-46EB-8CA7-E2D76AA47920}.Release|x64.ActiveCfg = Release|x64
		{3079FEAC-13B5-46EB-8CA7-E2D76AA47920}.Release|x64.Build.0 = Release|x64
		{3079FEAC-13B5-46EB-8CA7-E2D76AA47920}.Release|x86.ActiveCfg = Release|Win32
		{3079FEAC-13B5-46EB-8CA7-E2D76AA47920}.Release|x86.Build.0 = Release|Win32
		{5A0434B5-A7FB-428E-930E-D7719F936B8C}.Debug|x64.ActiveCfg = Debug|x64
		{5A0434B5-A7FB-428E-930E-D7719F936B8C}.Debug|x64.Build.0 = Debug|x64
		{5A0434B5-A7FB-428E-930E-D7719F936B8C}.Debug|x86.ActiveCfg = Debug|Win32
		{5A0434B5-A7FB-428E-930E-D7719F936B8C}.Debug|x86.Build.0 = Debug|Win32
		{5A0434B5-A7FB-428E-930E-D7719F936B8C}.Release|x64.ActiveCfg = Release|x64
		{5A0434B5-A7FB-428E-930E-D7719F936B8C}.Release|x64.Build.0 = Release|x64
		{5A0434B5-A7FB-428E-930E-D7719F936B8C}.Release|x86.ActiveCfg = Release|Win32
		{5A0434B5-A7FB-428E-930E-D7719F936B8C}.Release|x86.Build.0 = Release|Win32
	EndGlobalSection
	GlobalSection(SolutionProperties) = preSolution
		HideSolutionNode = FALSE
	EndGlobalSection
	GlobalSection(ExtensibilityGlobals) = postSolution
		SolutionGuid = {AF211AD5-89EE-43CC-8DA2-12DC831F22D9}
	EndGlobalSection
EndGlobal
